PODS:
  - CheckoutEventLoggerKit (1.0.3)
  - Frames (3.4.3):
    - CheckoutEventLoggerKit (~> 1.0)
    - PhoneNumberKit (~> 3.3)
  - Frames/Tests (3.4.3):
    - CheckoutEventLoggerKit (~> 1.0)
    - PhoneNumberKit (~> 3.3)
  - PhoneNumberKit (3.3.3):
    - PhoneNumberKit/PhoneNumberKitCore (= 3.3.3)
    - PhoneNumberKit/UIKit (= 3.3.3)
  - PhoneNumberKit/PhoneNumberKitCore (3.3.3)
  - PhoneNumberKit/UIKit (3.3.3):
    - PhoneNumberKit/PhoneNumberKitCore

DEPENDENCIES:
  - "CheckoutEventLoggerKit (from `git@github.com:checkout/checkout-event-logger-ios-framework.git`, branch `feature/PIMOB-812-ct-checks`)"
  - Frames (from `../`)
  - Frames/Tests (from `../`)

SPEC REPOS:
  trunk:
    - PhoneNumberKit

EXTERNAL SOURCES:
  CheckoutEventLoggerKit:
    :branch: feature/PIMOB-812-ct-checks
    :git: "git@github.com:checkout/checkout-event-logger-ios-framework.git"
  Frames:
    :path: "../"

CHECKOUT OPTIONS:
  CheckoutEventLoggerKit:
    :commit: 625c211ac7a079a63227203d420167c5f5ad49b7
    :git: "git@github.com:checkout/checkout-event-logger-ios-framework.git"

SPEC CHECKSUMS:
  CheckoutEventLoggerKit: 927992ea8c36579ae245e24f097f1a06d22acb70
  Frames: 3dd5ac18f6add02fb4a41afcafde52663c8434b8
  PhoneNumberKit: 4ce83273551c4d2ae10b7361162f4283dd02835f

PODFILE CHECKSUM: 256bd0be16a749398a4d038f80317bf3fc0ee21d

COCOAPODS: 1.11.0
